// !$*UTF8*$!
{
	archiveVersion = 1;
	classes = {
	};
	objectVersion = 56;
	objects = {

/* Begin PBXBuildFile section */
		1F49F06A2A038666006148FD /* AppDelegate.swift in Sources */ = {isa = PBXBuildFile; fileRef = 1F49F0692A038666006148FD /* AppDelegate.swift */; };
		1F49F06C2A038666006148FD /* SceneDelegate.swift in Sources */ = {isa = PBXBuildFile; fileRef = 1F49F06B2A038666006148FD /* SceneDelegate.swift */; };
		1F49F06E2A038666006148FD /* ViewController.swift in Sources */ = {isa = PBXBuildFile; fileRef = 1F49F06D2A038666006148FD /* ViewController.swift */; };
		1F49F0732A038668006148FD /* Assets.xcassets in Resources */ = {isa = PBXBuildFile; fileRef = 1F49F0722A038668006148FD /* Assets.xcassets */; };
		1F49F0762A038668006148FD /* LaunchScreen.storyboard in Resources */ = {isa = PBXBuildFile; fileRef = 1F49F0742A038668006148FD /* LaunchScreen.storyboard */; };
		1F49F07F2A0388B0006148FD /* Habits.swift in Sources */ = {isa = PBXBuildFile; fileRef = 1F49F07E2A0388B0006148FD /* Habits.swift */; };
		1F49F0812A038B8C006148FD /* HabitsViewController.swift in Sources */ = {isa = PBXBuildFile; fileRef = 1F49F0802A038B8C006148FD /* HabitsViewController.swift */; };
		1F49F0832A038C01006148FD /* InfoViewController.swift in Sources */ = {isa = PBXBuildFile; fileRef = 1F49F0822A038C01006148FD /* InfoViewController.swift */; };
		1F49F0852A038C22006148FD /* HabitViewController.swift in Sources */ = {isa = PBXBuildFile; fileRef = 1F49F0842A038C22006148FD /* HabitViewController.swift */; };
		1F49F0872A038C7B006148FD /* ProgressCollectionViewCell.swift in Sources */ = {isa = PBXBuildFile; fileRef = 1F49F0862A038C7B006148FD /* ProgressCollectionViewCell.swift */; };
		1F49F08A2A038CE2006148FD /* HabitCollectionViewCell.swift in Sources */ = {isa = PBXBuildFile; fileRef = 1F49F0892A038CE2006148FD /* HabitCollectionViewCell.swift */; };
		1F49F08C2A038D07006148FD /* HabitCollectionViewCell2.swift in Sources */ = {isa = PBXBuildFile; fileRef = 1F49F08B2A038D07006148FD /* HabitCollectionViewCell2.swift */; };
		1F49F08E2A038D2B006148FD /* HabitCollectionViewCell3.swift in Sources */ = {isa = PBXBuildFile; fileRef = 1F49F08D2A038D2B006148FD /* HabitCollectionViewCell3.swift */; };
		1F49F0902A038D49006148FD /* HabitCollectionViewCell4.swift in Sources */ = {isa = PBXBuildFile; fileRef = 1F49F08F2A038D49006148FD /* HabitCollectionViewCell4.swift */; };
		1F49F0922A038D6B006148FD /* HabitModel.swift in Sources */ = {isa = PBXBuildFile; fileRef = 1F49F0912A038D6B006148FD /* HabitModel.swift */; };
		1F49F0942A038D90006148FD /* CellModel.swift in Sources */ = {isa = PBXBuildFile; fileRef = 1F49F0932A038D90006148FD /* CellModel.swift */; };
/* End PBXBuildFile section */

/* Begin PBXFileReference section */
		1F49F0662A038666006148FD /* MyHabit.app */ = {isa = PBXFileReference; explicitFileType = wrapper.application; includeInIndex = 0; path = MyHabit.app; sourceTree = BUILT_PRODUCTS_DIR; };
		1F49F0692A038666006148FD /* AppDelegate.swift */ = {isa = PBXFileReference; lastKnownFileType = sourcecode.swift; path = AppDelegate.swift; sourceTree = "<group>"; };
		1F49F06B2A038666006148FD /* SceneDelegate.swift */ = {isa = PBXFileReference; lastKnownFileType = sourcecode.swift; path = SceneDelegate.swift; sourceTree = "<group>"; };
		1F49F06D2A038666006148FD /* ViewController.swift */ = {isa = PBXFileReference; lastKnownFileType = sourcecode.swift; path = ViewController.swift; sourceTree = "<group>"; };
		1F49F0722A038668006148FD /* Assets.xcassets */ = {isa = PBXFileReference; lastKnownFileType = folder.assetcatalog; path = Assets.xcassets; sourceTree = "<group>"; };
		1F49F0752A038668006148FD /* Base */ = {isa = PBXFileReference; lastKnownFileType = file.storyboard; name = Base; path = Base.lproj/LaunchScreen.storyboard; sourceTree = "<group>"; };
		1F49F0772A038668006148FD /* Info.plist */ = {isa = PBXFileReference; lastKnownFileType = text.plist.xml; path = Info.plist; sourceTree = "<group>"; };
		1F49F07E2A0388B0006148FD /* Habits.swift */ = {isa = PBXFileReference; lastKnownFileType = sourcecode.swift; path = Habits.swift; sourceTree = "<group>"; };
		1F49F0802A038B8C006148FD /* HabitsViewController.swift */ = {isa = PBXFileReference; lastKnownFileType = sourcecode.swift; path = HabitsViewController.swift; sourceTree = "<group>"; };
		1F49F0822A038C01006148FD /* InfoViewController.swift */ = {isa = PBXFileReference; lastKnownFileType = sourcecode.swift; path = InfoViewController.swift; sourceTree = "<group>"; };
		1F49F0842A038C22006148FD /* HabitViewController.swift */ = {isa = PBXFileReference; lastKnownFileType = sourcecode.swift; path = HabitViewController.swift; sourceTree = "<group>"; };
		1F49F0862A038C7B006148FD /* ProgressCollectionViewCell.swift */ = {isa = PBXFileReference; lastKnownFileType = sourcecode.swift; path = ProgressCollectionViewCell.swift; sourceTree = "<group>"; };
		1F49F0892A038CE2006148FD /* HabitCollectionViewCell.swift */ = {isa = PBXFileReference; lastKnownFileType = sourcecode.swift; path = HabitCollectionViewCell.swift; sourceTree = "<group>"; };
		1F49F08B2A038D07006148FD /* HabitCollectionViewCell2.swift */ = {isa = PBXFileReference; lastKnownFileType = sourcecode.swift; path = HabitCollectionViewCell2.swift; sourceTree = "<group>"; };
		1F49F08D2A038D2B006148FD /* HabitCollectionViewCell3.swift */ = {isa = PBXFileReference; lastKnownFileType = sourcecode.swift; path = HabitCollectionViewCell3.swift; sourceTree = "<group>"; };
		1F49F08F2A038D49006148FD /* HabitCollectionViewCell4.swift */ = {isa = PBXFileReference; lastKnownFileType = sourcecode.swift; path = HabitCollectionViewCell4.swift; sourceTree = "<group>"; };
		1F49F0912A038D6B006148FD /* HabitModel.swift */ = {isa = PBXFileReference; lastKnownFileType = sourcecode.swift; path = HabitModel.swift; sourceTree = "<group>"; };
		1F49F0932A038D90006148FD /* CellModel.swift */ = {isa = PBXFileReference; lastKnownFileType = sourcecode.swift; path = CellModel.swift; sourceTree = "<group>"; };
/* End PBXFileReference section */

/* Begin PBXFrameworksBuildPhase section */
		1F49F0632A038666006148FD /* Frameworks */ = {
			isa = PBXFrameworksBuildPhase;
			buildActionMask = 2147483647;
			files = (
			);
			runOnlyForDeploymentPostprocessing = 0;
		};
/* End PBXFrameworksBuildPhase section */

/* Begin PBXGroup section */
		1F49F05D2A038666006148FD = {
			isa = PBXGroup;
			children = (
				1F49F0682A038666006148FD /* MyHabit */,
				1F49F0672A038666006148FD /* Products */,
			);
			sourceTree = "<group>";
		};
		1F49F0672A038666006148FD /* Products */ = {
			isa = PBXGroup;
			children = (
				1F49F0662A038666006148FD /* MyHabit.app */,
			);
			name = Products;
			sourceTree = "<group>";
		};
		1F49F0682A038666006148FD /* MyHabit */ = {
			isa = PBXGroup;
			children = (
				1F49F0882A038CB4006148FD /* Models */,
				1F49F0692A038666006148FD /* AppDelegate.swift */,
				1F49F06B2A038666006148FD /* SceneDelegate.swift */,
				1F49F07D2A038681006148FD /* Controllers */,
				1F49F0722A038668006148FD /* Assets.xcassets */,
				1F49F0742A038668006148FD /* LaunchScreen.storyboard */,
				1F49F0772A038668006148FD /* Info.plist */,
				1F49F07E2A0388B0006148FD /* Habits.swift */,
			);
			path = MyHabit;
			sourceTree = "<group>";
		};
		1F49F07D2A038681006148FD /* Controllers */ = {
			isa = PBXGroup;
			children = (
				1F49F06D2A038666006148FD /* ViewController.swift */,
				1F49F0802A038B8C006148FD /* HabitsViewController.swift */,
				1F49F0822A038C01006148FD /* InfoViewController.swift */,
				1F49F0842A038C22006148FD /* HabitViewController.swift */,
			);
			path = Controllers;
			sourceTree = "<group>";
		};
		1F49F0882A038CB4006148FD /* Models */ = {
			isa = PBXGroup;
			children = (
				1F49F0862A038C7B006148FD /* ProgressCollectionViewCell.swift */,
				1F49F0892A038CE2006148FD /* HabitCollectionViewCell.swift */,
				1F49F08B2A038D07006148FD /* HabitCollectionViewCell2.swift */,
				1F49F08D2A038D2B006148FD /* HabitCollectionViewCell3.swift */,
				1F49F08F2A038D49006148FD /* HabitCollectionViewCell4.swift */,
				1F49F0912A038D6B006148FD /* HabitModel.swift */,
				1F49F0932A038D90006148FD /* CellModel.swift */,
			);
			path = Models;
			sourceTree = "<group>";
		};
/* End PBXGroup section */

/* Begin PBXNativeTarget section */
		1F49F0652A038666006148FD /* MyHabit */ = {
			isa = PBXNativeTarget;
			buildConfigurationList = 1F49F07A2A038668006148FD /* Build configuration list for PBXNativeTarget "MyHabit" */;
			buildPhases = (
				1F49F0622A038666006148FD /* Sources */,
				1F49F0632A038666006148FD /* Frameworks */,
				1F49F0642A038666006148FD /* Resources */,
			);
			buildRules = (
			);
			dependencies = (
			);
			name = MyHabit;
			productName = MyHabit;
			productReference = 1F49F0662A038666006148FD /* MyHabit.app */;
			productType = "com.apple.product-type.application";
		};
/* End PBXNativeTarget section */

/* Begin PBXProject section */
		1F49F05E2A038666006148FD /* Project object */ = {
			isa = PBXProject;
			attributes = {
				BuildIndependentTargetsInParallel = 1;
				LastSwiftUpdateCheck = 1430;
				LastUpgradeCheck = 1430;
				TargetAttributes = {
					1F49F0652A038666006148FD = {
						CreatedOnToolsVersion = 14.3;
					};
				};
			};
			buildConfigurationList = 1F49F0612A038666006148FD /* Build configuration list for PBXProject "MyHabit" */;
			compatibilityVersion = "Xcode 14.0";
			developmentRegion = en;
			hasScannedForEncodings = 0;
			knownRegions = (
				en,
				Base,
			);
			mainGroup = 1F49F05D2A038666006148FD;
			productRefGroup = 1F49F0672A038666006148FD /* Products */;
			projectDirPath = "";
			projectRoot = "";
			targets = (
				1F49F0652A038666006148FD /* MyHabit */,
			);
		};
/* End PBXProject section */

/* Begin PBXResourcesBuildPhase section */
		1F49F0642A038666006148FD /* Resources */ = {
			isa = PBXResourcesBuildPhase;
			buildActionMask = 2147483647;
			files = (
				1F49F0762A038668006148FD /* LaunchScreen.storyboard in Resources */,
				1F49F0732A038668006148FD /* Assets.xcassets in Resources */,
			);
			runOnlyForDeploymentPostprocessing = 0;
		};
/* End PBXResourcesBuildPhase section */

/* Begin PBXSourcesBuildPhase section */
		1F49F0622A038666006148FD /* Sources */ = {
			isa = PBXSourcesBuildPhase;
			buildActionMask = 2147483647;
			files = (
				1F49F06E2A038666006148FD /* ViewController.swift in Sources */,
				1F49F06A2A038666006148FD /* AppDelegate.swift in Sources */,
				1F49F08A2A038CE2006148FD /* HabitCollectionViewCell.swift in Sources */,
				1F49F0852A038C22006148FD /* HabitViewController.swift in Sources */,
				1F49F07F2A0388B0006148FD /* Habits.swift in Sources */,
				1F49F0812A038B8C006148FD /* HabitsViewController.swift in Sources */,
				1F49F0922A038D6B006148FD /* HabitModel.swift in Sources */,
				1F49F08E2A038D2B006148FD /* HabitCollectionViewCell3.swift in Sources */,
				1F49F0832A038C01006148FD /* InfoViewController.swift in Sources */,
				1F49F0902A038D49006148FD /* HabitCollectionViewCell4.swift in Sources */,
				1F49F0872A038C7B006148FD /* ProgressCollectionViewCell.swift in Sources */,
				1F49F0942A038D90006148FD /* CellModel.swift in Sources */,
				1F49F08C2A038D07006148FD /* HabitCollectionViewCell2.swift in Sources */,
				1F49F06C2A038666006148FD /* SceneDelegate.swift in Sources */,
			);
			runOnlyForDeploymentPostprocessing = 0;
		};
/* End PBXSourcesBuildPhase section */

/* Begin PBXVariantGroup section */
		1F49F0742A038668006148FD /* LaunchScreen.storyboard */ = {
			isa = PBXVariantGroup;
			children = (
				1F49F0752A038668006148FD /* Base */,
			);
			name = LaunchScreen.storyboard;
			sourceTree = "<group>";
		};
/* End PBXVariantGroup section */

/* Begin XCBuildConfiguration section */
		1F49F0782A038668006148FD /* Debug */ = {
			isa = XCBuildConfiguration;
			buildSettings = {
				ALWAYS_SEARCH_USER_PATHS = NO;
				CLANG_ANALYZER_NONNULL = YES;
				CLANG_ANALYZER_NUMBER_OBJECT_CONVERSION = YES_AGGRESSIVE;
				CLANG_CXX_LANGUAGE_STANDARD = "gnu++20";
				CLANG_ENABLE_MODULES = YES;
				CLANG_ENABLE_OBJC_ARC = YES;
				CLANG_ENABLE_OBJC_WEAK = YES;
				CLANG_WARN_BLOCK_CAPTURE_AUTORELEASING = YES;
				CLANG_WARN_BOOL_CONVERSION = YES;
				CLANG_WARN_COMMA = YES;
				CLANG_WARN_CONSTANT_CONVERSION = YES;
				CLANG_WARN_DEPRECATED_OBJC_IMPLEMENTATIONS = YES;
				CLANG_WARN_DIRECT_OBJC_ISA_USAGE = YES_ERROR;
				CLANG_WARN_DOCUMENTATION_COMMENTS = YES;
				CLANG_WARN_EMPTY_BODY = YES;
				CLANG_WARN_ENUM_CONVERSION = YES;
				CLANG_WARN_INFINITE_RECURSION = YES;
				CLANG_WARN_INT_CONVERSION = YES;
				CLANG_WARN_NON_LITERAL_NULL_CONVERSION = YES;
				CLANG_WARN_OBJC_IMPLICIT_RETAIN_SELF = YES;
				CLANG_WARN_OBJC_LITERAL_CONVERSION = YES;
				CLANG_WARN_OBJC_ROOT_CLASS = YES_ERROR;
				CLANG_WARN_QUOTED_INCLUDE_IN_FRAMEWORK_HEADER = YES;
				CLANG_WARN_RANGE_LOOP_ANALYSIS = YES;
				CLANG_WARN_STRICT_PROTOTYPES = YES;
				CLANG_WARN_SUSPICIOUS_MOVE = YES;
				CLANG_WARN_UNGUARDED_AVAILABILITY = YES_AGGRESSIVE;
				CLANG_WARN_UNREACHABLE_CODE = YES;
				CLANG_WARN__DUPLICATE_METHOD_MATCH = YES;
				COPY_PHASE_STRIP = NO;
				DEBUG_INFORMATION_FORMAT = dwarf;
				ENABLE_STRICT_OBJC_MSGSEND = YES;
				ENABLE_TESTABILITY = YES;
				GCC_C_LANGUAGE_STANDARD = gnu11;
				GCC_DYNAMIC_NO_PIC = NO;
				GCC_NO_COMMON_BLOCKS = YES;
				GCC_OPTIMIZATION_LEVEL = 0;
				GCC_PREPROCESSOR_DEFINITIONS = (
					"DEBUG=1",
					"$(inherited)",
				);
				GCC_WARN_64_TO_32_BIT_CONVERSION = YES;
				GCC_WARN_ABOUT_RETURN_TYPE = YES_ERROR;
				GCC_WARN_UNDECLARED_SELECTOR = YES;
				GCC_WARN_UNINITIALIZED_AUTOS = YES_AGGRESSIVE;
				GCC_WARN_UNUSED_FUNCTION = YES;
				GCC_WARN_UNUSED_VARIABLE = YES;
				IPHONEOS_DEPLOYMENT_TARGET = 16.4;
				MTL_ENABLE_DEBUG_INFO = INCLUDE_SOURCE;
				MTL_FAST_MATH = YES;
				ONLY_ACTIVE_ARCH = YES;
				SDKROOT = iphoneos;
				SWIFT_ACTIVE_COMPILATION_CONDITIONS = DEBUG;
				SWIFT_OPTIMIZATION_LEVEL = "-Onone";
			};
			name = Debug;
		};
		1F49F0792A038668006148FD /* Release */ = {
			isa = XCBuildConfiguration;
			buildSettings = {
				ALWAYS_SEARCH_USER_PATHS = NO;
				CLANG_ANALYZER_NONNULL = YES;
				CLANG_ANALYZER_NUMBER_OBJECT_CONVERSION = YES_AGGRESSIVE;
				CLANG_CXX_LANGUAGE_STANDARD = "gnu++20";
				CLANG_ENABLE_MODULES = YES;
				CLANG_ENABLE_OBJC_ARC = YES;
				CLANG_ENABLE_OBJC_WEAK = YES;
				CLANG_WARN_BLOCK_CAPTURE_AUTORELEASING = YES;
				CLANG_WARN_BOOL_CONVERSION = YES;
				CLANG_WARN_COMMA = YES;
				CLANG_WARN_CONSTANT_CONVERSION = YES;
				CLANG_WARN_DEPRECATED_OBJC_IMPLEMENTATIONS = YES;
				CLANG_WARN_DIRECT_OBJC_ISA_USAGE = YES_ERROR;
				CLANG_WARN_DOCUMENTATION_COMMENTS = YES;
				CLANG_WARN_EMPTY_BODY = YES;
				CLANG_WARN_ENUM_CONVERSION = YES;
				CLANG_WARN_INFINITE_RECURSION = YES;
				CLANG_WARN_INT_CONVERSION = YES;
				CLANG_WARN_NON_LITERAL_NULL_CONVERSION = YES;
				CLANG_WARN_OBJC_IMPLICIT_RETAIN_SELF = YES;
				CLANG_WARN_OBJC_LITERAL_CONVERSION = YES;
				CLANG_WARN_OBJC_ROOT_CLASS = YES_ERROR;
				CLANG_WARN_QUOTED_INCLUDE_IN_FRAMEWORK_HEADER = YES;
				CLANG_WARN_RANGE_LOOP_ANALYSIS = YES;
				CLANG_WARN_STRICT_PROTOTYPES = YES;
				CLANG_WARN_SUSPICIOUS_MOVE = YES;
				CLANG_WARN_UNGUARDED_AVAILABILITY = YES_AGGRESSIVE;
				CLANG_WARN_UNREACHABLE_CODE = YES;
				CLANG_WARN__DUPLICATE_METHOD_MATCH = YES;
				COPY_PHASE_STRIP = NO;
				DEBUG_INFORMATION_FORMAT = "dwarf-with-dsym";
				ENABLE_NS_ASSERTIONS = NO;
				ENABLE_STRICT_OBJC_MSGSEND = YES;
				GCC_C_LANGUAGE_STANDARD = gnu11;
				GCC_NO_COMMON_BLOCKS = YES;
				GCC_WARN_64_TO_32_BIT_CONVERSION = YES;
				GCC_WARN_ABOUT_RETURN_TYPE = YES_ERROR;
				GCC_WARN_UNDECLARED_SELECTOR = YES;
				GCC_WARN_UNINITIALIZED_AUTOS = YES_AGGRESSIVE;
				GCC_WARN_UNUSED_FUNCTION = YES;
				GCC_WARN_UNUSED_VARIABLE = YES;
				IPHONEOS_DEPLOYMENT_TARGET = 16.4;
				MTL_ENABLE_DEBUG_INFO = NO;
				MTL_FAST_MATH = YES;
				SDKROOT = iphoneos;
				SWIFT_COMPILATION_MODE = wholemodule;
				SWIFT_OPTIMIZATION_LEVEL = "-O";
				VALIDATE_PRODUCT = YES;
			};
			name = Release;
		};
		1F49F07B2A038668006148FD /* Debug */ = {
			isa = XCBuildConfiguration;
			buildSettings = {
				ASSETCATALOG_COMPILER_APPICON_NAME = AppIcon;
				ASSETCATALOG_COMPILER_GLOBAL_ACCENT_COLOR_NAME = AccentColor;
				ASSETCATALOG_COMPILER_INCLUDE_ALL_APPICON_ASSETS = YES;
				CODE_SIGN_STYLE = Automatic;
				CURRENT_PROJECT_VERSION = 1;
				DEVELOPMENT_TEAM = 6BFYV367MM;
				GENERATE_INFOPLIST_FILE = YES;
				INFOPLIST_FILE = MyHabit/Info.plist;
				INFOPLIST_KEY_UIApplicationSupportsIndirectInputEvents = YES;
				INFOPLIST_KEY_UILaunchStoryboardName = LaunchScreen.storyboard;
				INFOPLIST_KEY_UISupportedInterfaceOrientations_iPad = "UIInterfaceOrientationPortrait UIInterfaceOrientationPortraitUpsideDown UIInterfaceOrientationLandscapeLeft UIInterfaceOrientationLandscapeRight";
				INFOPLIST_KEY_UISupportedInterfaceOrientations_iPhone = "UIInterfaceOrientationPortrait UIInterfaceOrientationLandscapeLeft UIInterfaceOrientationLandscapeRight";
				IPHONEOS_DEPLOYMENT_TARGET = 16.0;
				LD_RUNPATH_SEARCH_PATHS = (
					"$(inherited)",
					"@executable_path/Frameworks",
				);
				MARKETING_VERSION = 1.0;
				PRODUCT_BUNDLE_IDENTIFIER = "Habit-tracker.HW.MyHabit";
				PRODUCT_NAME = "$(TARGET_NAME)";
				SWIFT_EMIT_LOC_STRINGS = YES;
				SWIFT_VERSION = 5.0;
				TARGETED_DEVICE_FAMILY = "1,2";
			};
			name = Debug;
		};
		1F49F07C2A038668006148FD /* Release */ = {
			isa = XCBuildConfiguration;
			buildSettings = {
				ASSETCATALOG_COMPILER_APPICON_NAME = AppIcon;
				ASSETCATALOG_COMPILER_GLOBAL_ACCENT_COLOR_NAME = AccentColor;
				ASSETCATALOG_COMPILER_INCLUDE_ALL_APPICON_ASSETS = YES;
				CODE_SIGN_STYLE = Automatic;
				CURRENT_PROJECT_VERSION = 1;
				DEVELOPMENT_TEAM = 6BFYV367MM;
				GENERATE_INFOPLIST_FILE = YES;
				INFOPLIST_FILE = MyHabit/Info.plist;
				INFOPLIST_KEY_UIApplicationSupportsIndirectInputEvents = YES;
				INFOPLIST_KEY_UILaunchStoryboardName = LaunchScreen.storyboard;
				INFOPLIST_KEY_UISupportedInterfaceOrientations_iPad = "UIInterfaceOrientationPortrait UIInterfaceOrientationPortraitUpsideDown UIInterfaceOrientationLandscapeLeft UIInterfaceOrientationLandscapeRight";
				INFOPLIST_KEY_UISupportedInterfaceOrientations_iPhone = "UIInterfaceOrientationPortrait UIInterfaceOrientationLandscapeLeft UIInterfaceOrientationLandscapeRight";
				IPHONEOS_DEPLOYMENT_TARGET = 16.0;
				LD_RUNPATH_SEARCH_PATHS = (
					"$(inherited)",
					"@executable_path/Frameworks",
				);
				MARKETING_VERSION = 1.0;
				PRODUCT_BUNDLE_IDENTIFIER = "Habit-tracker.HW.MyHabit";
				PRODUCT_NAME = "$(TARGET_NAME)";
				SWIFT_EMIT_LOC_STRINGS = YES;
				SWIFT_VERSION = 5.0;
				TARGETED_DEVICE_FAMILY = "1,2";
			};
			name = Release;
		};
/* End XCBuildConfiguration section */

/* Begin XCConfigurationList section */
		1F49F0612A038666006148FD /* Build configuration list for PBXProject "MyHabit" */ = {
			isa = XCConfigurationList;
			buildConfigurations = (
				1F49F0782A038668006148FD /* Debug */,
				1F49F0792A038668006148FD /* Release */,
			);
			defaultConfigurationIsVisible = 0;
			defaultConfigurationName = Release;
		};
		1F49F07A2A038668006148FD /* Build configuration list for PBXNativeTarget "MyHabit" */ = {
			isa = XCConfigurationList;
			buildConfigurations = (
				1F49F07B2A038668006148FD /* Debug */,
				1F49F07C2A038668006148FD /* Release */,
			);
			defaultConfigurationIsVisible = 0;
			defaultConfigurationName = Release;
		};
/* End XCConfigurationList section */
	};
	rootObject = 1F49F05E2A038666006148FD /* Project object */;
}
